
Microsoft Visual Studio Solution File, Format Version 12.00
# Visual Studio Version 16
VisualStudioVersion = 16.0.31205.134
MinimumVisualStudioVersion = 10.0.40219.1
Project("{FAE04EC0-301F-11D3-BF4B-00C04F79EFBC}") = "Model", "Model\Model.csproj", "{C055AB63-5E1C-405D-8310-F29296EDCC9E}"
EndProject
Project("{FAE04EC0-301F-11D3-BF4B-00C04F79EFBC}") = "TestsUnitaires", "TestsUnitaires\TestsUnitaires.csproj", "{98A1BD0E-A1A6-4FCE-83F3-66E478310063}"
EndProject
Project("{FAE04EC0-301F-11D3-BF4B-00C04F79EFBC}") = "Console", "Console\Console.csproj", "{84BC742A-9618-4AF1-BB39-81242D8A2471}"
EndProject
Project("{FAE04EC0-301F-11D3-BF4B-00C04F79EFBC}") = "BunsinessLayer", "BunsinessLayer\BunsinessLayer.csproj", "{653AFFD2-D6DD-4DB3-B8B6-CD0483C663B5}"
EndProject
Project("{FAE04EC0-301F-11D3-BF4B-00C04F79EFBC}") = "WPF", "WPF\WPF.csproj", "{4D0CA57E-1C24-42CE-B5B7-00A2EF5D53DB}"
EndProject
Global
	GlobalSection(SolutionConfigurationPlatforms) = preSolution
		Debug|Any CPU = Debug|Any CPU
		Release|Any CPU = Release|Any CPU
	EndGlobalSection
	GlobalSection(ProjectConfigurationPlatforms) = postSolution
		{C055AB63-5E1C-405D-8310-F29296EDCC9E}.Debug|Any CPU.ActiveCfg = Debug|Any CPU
		{C055AB63-5E1C-405D-8310-F29296EDCC9E}.Debug|Any CPU.Build.0 = Debug|Any CPU
		{C055AB63-5E1C-405D-8310-F29296EDCC9E}.Release|Any CPU.ActiveCfg = Release|Any CPU
		{C055AB63-5E1C-405D-8310-F29296EDCC9E}.Release|Any CPU.Build.0 = Release|Any CPU
		{98A1BD0E-A1A6-4FCE-83F3-66E478310063}.Debug|Any CPU.ActiveCfg = Debug|Any CPU
		{98A1BD0E-A1A6-4FCE-83F3-66E478310063}.Debug|Any CPU.Build.0 = Debug|Any CPU
		{98A1BD0E-A1A6-4FCE-83F3-66E478310063}.Release|Any CPU.ActiveCfg = Release|Any CPU
		{98A1BD0E-A1A6-4FCE-83F3-66E478310063}.Release|Any CPU.Build.0 = Release|Any CPU
		{84BC742A-9618-4AF1-BB39-81242D8A2471}.Debug|Any CPU.ActiveCfg = Debug|Any CPU
		{84BC742A-9618-4AF1-BB39-81242D8A2471}.Debug|Any CPU.Build.0 = Debug|Any CPU
		{84BC742A-9618-4AF1-BB39-81242D8A2471}.Release|Any CPU.ActiveCfg = Release|Any CPU
		{84BC742A-9618-4AF1-BB39-81242D8A2471}.Release|Any CPU.Build.0 = Release|Any CPU
		{653AFFD2-D6DD-4DB3-B8B6-CD0483C663B5}.Debug|Any CPU.ActiveCfg = Debug|Any CPU
		{653AFFD2-D6DD-4DB3-B8B6-CD0483C663B5}.Debug|Any CPU.Build.0 = Debug|Any CPU
		{653AFFD2-D6DD-4DB3-B8B6-CD0483C663B5}.Release|Any CPU.ActiveCfg = Release|Any CPU
		{653AFFD2-D6DD-4DB3-B8B6-CD0483C663B5}.Release|Any CPU.Build.0 = Release|Any CPU
		{4D0CA57E-1C24-42CE-B5B7-00A2EF5D53DB}.Debug|Any CPU.ActiveCfg = Debug|Any CPU
		{4D0CA57E-1C24-42CE-B5B7-00A2EF5D53DB}.Debug|Any CPU.Build.0 = Debug|Any CPU
		{4D0CA57E-1C24-42CE-B5B7-00A2EF5D53DB}.Release|Any CPU.ActiveCfg = Release|Any CPU
		{4D0CA57E-1C24-42CE-B5B7-00A2EF5D53DB}.Release|Any CPU.Build.0 = Release|Any CPU
	EndGlobalSection
	GlobalSection(SolutionProperties) = preSolution
		HideSolutionNode = FALSE
	EndGlobalSection
	GlobalSection(ExtensibilityGlobals) = postSolution
		SolutionGuid = {F67BB974-F0A8-4681-9043-773881BD3C2C}
	EndGlobalSection
EndGlobal
